// !$*UTF8*$!
{
	archiveVersion = 1;
	classes = {
	};
	objectVersion = 46;
	objects = {

/* Begin PBXBuildFile section */
		F5E2810019BD7D60006F0CAD /* Foundation.framework in Frameworks */ = {isa = PBXBuildFile; fileRef = F5E280FF19BD7D60006F0CAD /* Foundation.framework */; };
		F5E2810219BD7D60006F0CAD /* CoreGraphics.framework in Frameworks */ = {isa = PBXBuildFile; fileRef = F5E2810119BD7D60006F0CAD /* CoreGraphics.framework */; };
		F5E2810419BD7D60006F0CAD /* UIKit.framework in Frameworks */ = {isa = PBXBuildFile; fileRef = F5E2810319BD7D60006F0CAD /* UIKit.framework */; };
		F5E2810619BD7D60006F0CAD /* SpriteKit.framework in Frameworks */ = {isa = PBXBuildFile; fileRef = F5E2810519BD7D60006F0CAD /* SpriteKit.framework */; };
		F5E2810C19BD7D60006F0CAD /* InfoPlist.strings in Resources */ = {isa = PBXBuildFile; fileRef = F5E2810A19BD7D60006F0CAD /* InfoPlist.strings */; };
		F5E2810E19BD7D60006F0CAD /* main.m in Sources */ = {isa = PBXBuildFile; fileRef = F5E2810D19BD7D60006F0CAD /* main.m */; };
		F5E2811219BD7D60006F0CAD /* SpriteAppDelegate.m in Sources */ = {isa = PBXBuildFile; fileRef = F5E2811119BD7D60006F0CAD /* SpriteAppDelegate.m */; };
		F5E2811519BD7D60006F0CAD /* Main_iPhone.storyboard in Resources */ = {isa = PBXBuildFile; fileRef = F5E2811319BD7D60006F0CAD /* Main_iPhone.storyboard */; };
		F5E2811819BD7D60006F0CAD /* Main_iPad.storyboard in Resources */ = {isa = PBXBuildFile; fileRef = F5E2811619BD7D60006F0CAD /* Main_iPad.storyboard */; };
		F5E2811B19BD7D60006F0CAD /* SpriteViewController.m in Sources */ = {isa = PBXBuildFile; fileRef = F5E2811A19BD7D60006F0CAD /* SpriteViewController.m */; };
		F5E2811E19BD7D60006F0CAD /* SpriteMyScene.m in Sources */ = {isa = PBXBuildFile; fileRef = F5E2811D19BD7D60006F0CAD /* SpriteMyScene.m */; };
		F5E2812019BD7D60006F0CAD /* Spaceship.png in Resources */ = {isa = PBXBuildFile; fileRef = F5E2811F19BD7D60006F0CAD /* Spaceship.png */; };
		F5E2812219BD7D60006F0CAD /* Images.xcassets in Resources */ = {isa = PBXBuildFile; fileRef = F5E2812119BD7D60006F0CAD /* Images.xcassets */; };
		F5E2812919BD7D60006F0CAD /* XCTest.framework in Frameworks */ = {isa = PBXBuildFile; fileRef = F5E2812819BD7D60006F0CAD /* XCTest.framework */; };
		F5E2812A19BD7D60006F0CAD /* Foundation.framework in Frameworks */ = {isa = PBXBuildFile; fileRef = F5E280FF19BD7D60006F0CAD /* Foundation.framework */; };
		F5E2812B19BD7D60006F0CAD /* UIKit.framework in Frameworks */ = {isa = PBXBuildFile; fileRef = F5E2810319BD7D60006F0CAD /* UIKit.framework */; };
		F5E2813319BD7D60006F0CAD /* InfoPlist.strings in Resources */ = {isa = PBXBuildFile; fileRef = F5E2813119BD7D60006F0CAD /* InfoPlist.strings */; };
		F5E2813519BD7D60006F0CAD /* DodgeTests.m in Sources */ = {isa = PBXBuildFile; fileRef = F5E2813419BD7D60006F0CAD /* DodgeTests.m */; };
/* End PBXBuildFile section */

/* Begin PBXContainerItemProxy section */
		F5E2812C19BD7D60006F0CAD /* PBXContainerItemProxy */ = {
			isa = PBXContainerItemProxy;
			containerPortal = F5E280F419BD7D60006F0CAD /* Project object */;
			proxyType = 1;
			remoteGlobalIDString = F5E280FB19BD7D60006F0CAD;
			remoteInfo = Dodge;
		};
/* End PBXContainerItemProxy section */

/* Begin PBXFileReference section */
		F5E280FC19BD7D60006F0CAD /* Dodge.app */ = {isa = PBXFileReference; explicitFileType = wrapper.application; includeInIndex = 0; path = Dodge.app; sourceTree = BUILT_PRODUCTS_DIR; };
		F5E280FF19BD7D60006F0CAD /* Foundation.framework */ = {isa = PBXFileReference; lastKnownFileType = wrapper.framework; name = Foundation.framework; path = System/Library/Frameworks/Foundation.framework; sourceTree = SDKROOT; };
		F5E2810119BD7D60006F0CAD /* CoreGraphics.framework */ = {isa = PBXFileReference; lastKnownFileType = wrapper.framework; name = CoreGraphics.framework; path = System/Library/Frameworks/CoreGraphics.framework; sourceTree = SDKROOT; };
		F5E2810319BD7D60006F0CAD /* UIKit.framework */ = {isa = PBXFileReference; lastKnownFileType = wrapper.framework; name = UIKit.framework; path = System/Library/Frameworks/UIKit.framework; sourceTree = SDKROOT; };
		F5E2810519BD7D60006F0CAD /* SpriteKit.framework */ = {isa = PBXFileReference; lastKnownFileType = wrapper.framework; name = SpriteKit.framework; path = System/Library/Frameworks/SpriteKit.framework; sourceTree = SDKROOT; };
		F5E2810919BD7D60006F0CAD /* Dodge-Info.plist */ = {isa = PBXFileReference; lastKnownFileType = text.plist.xml; path = "Dodge-Info.plist"; sourceTree = "<group>"; };
		F5E2810B19BD7D60006F0CAD /* en */ = {isa = PBXFileReference; lastKnownFileType = text.plist.strings; name = en; path = en.lproj/InfoPlist.strings; sourceTree = "<group>"; };
		F5E2810D19BD7D60006F0CAD /* main.m */ = {isa = PBXFileReference; lastKnownFileType = sourcecode.c.objc; path = main.m; sourceTree = "<group>"; };
		F5E2810F19BD7D60006F0CAD /* Dodge-Prefix.pch */ = {isa = PBXFileReference; lastKnownFileType = sourcecode.c.h; path = "Dodge-Prefix.pch"; sourceTree = "<group>"; };
		F5E2811019BD7D60006F0CAD /* SpriteAppDelegate.h */ = {isa = PBXFileReference; lastKnownFileType = sourcecode.c.h; path = SpriteAppDelegate.h; sourceTree = "<group>"; };
		F5E2811119BD7D60006F0CAD /* SpriteAppDelegate.m */ = {isa = PBXFileReference; lastKnownFileType = sourcecode.c.objc; path = SpriteAppDelegate.m; sourceTree = "<group>"; };
		F5E2811419BD7D60006F0CAD /* Base */ = {isa = PBXFileReference; lastKnownFileType = file.storyboard; name = Base; path = Base.lproj/Main_iPhone.storyboard; sourceTree = "<group>"; };
		F5E2811719BD7D60006F0CAD /* Base */ = {isa = PBXFileReference; lastKnownFileType = file.storyboard; name = Base; path = Base.lproj/Main_iPad.storyboard; sourceTree = "<group>"; };
		F5E2811919BD7D60006F0CAD /* SpriteViewController.h */ = {isa = PBXFileReference; lastKnownFileType = sourcecode.c.h; path = SpriteViewController.h; sourceTree = "<group>"; };
		F5E2811A19BD7D60006F0CAD /* SpriteViewController.m */ = {isa = PBXFileReference; lastKnownFileType = sourcecode.c.objc; path = SpriteViewController.m; sourceTree = "<group>"; };
		F5E2811C19BD7D60006F0CAD /* SpriteMyScene.h */ = {isa = PBXFileReference; lastKnownFileType = sourcecode.c.h; path = SpriteMyScene.h; sourceTree = "<group>"; };
		F5E2811D19BD7D60006F0CAD /* SpriteMyScene.m */ = {isa = PBXFileReference; lastKnownFileType = sourcecode.c.objc; path = SpriteMyScene.m; sourceTree = "<group>"; };
		F5E2811F19BD7D60006F0CAD /* Spaceship.png */ = {isa = PBXFileReference; lastKnownFileType = image.png; path = Spaceship.png; sourceTree = "<group>"; };
		F5E2812119BD7D60006F0CAD /* Images.xcassets */ = {isa = PBXFileReference; lastKnownFileType = folder.assetcatalog; path = Images.xcassets; sourceTree = "<group>"; };
		F5E2812719BD7D60006F0CAD /* DodgeTests.xctest */ = {isa = PBXFileReference; explicitFileType = wrapper.cfbundle; includeInIndex = 0; path = DodgeTests.xctest; sourceTree = BUILT_PRODUCTS_DIR; };
		F5E2812819BD7D60006F0CAD /* XCTest.framework */ = {isa = PBXFileReference; lastKnownFileType = wrapper.framework; name = XCTest.framework; path = Library/Frameworks/XCTest.framework; sourceTree = DEVELOPER_DIR; };
		F5E2813019BD7D60006F0CAD /* DodgeTests-Info.plist */ = {isa = PBXFileReference; lastKnownFileType = text.plist.xml; path = "DodgeTests-Info.plist"; sourceTree = "<group>"; };
		F5E2813219BD7D60006F0CAD /* en */ = {isa = PBXFileReference; lastKnownFileType = text.plist.strings; name = en; path = en.lproj/InfoPlist.strings; sourceTree = "<group>"; };
		F5E2813419BD7D60006F0CAD /* DodgeTests.m */ = {isa = PBXFileReference; lastKnownFileType = sourcecode.c.objc; path = DodgeTests.m; sourceTree = "<group>"; };
/* End PBXFileReference section */

/* Begin PBXFrameworksBuildPhase section */
		F5E280F919BD7D60006F0CAD /* Frameworks */ = {
			isa = PBXFrameworksBuildPhase;
			buildActionMask = 2147483647;
			files = (
				F5E2810219BD7D60006F0CAD /* CoreGraphics.framework in Frameworks */,
				F5E2810419BD7D60006F0CAD /* UIKit.framework in Frameworks */,
				F5E2810619BD7D60006F0CAD /* SpriteKit.framework in Frameworks */,
				F5E2810019BD7D60006F0CAD /* Foundation.framework in Frameworks */,
			);
			runOnlyForDeploymentPostprocessing = 0;
		};
		F5E2812419BD7D60006F0CAD /* Frameworks */ = {
			isa = PBXFrameworksBuildPhase;
			buildActionMask = 2147483647;
			files = (
				F5E2812919BD7D60006F0CAD /* XCTest.framework in Frameworks */,
				F5E2812B19BD7D60006F0CAD /* UIKit.framework in Frameworks */,
				F5E2812A19BD7D60006F0CAD /* Foundation.framework in Frameworks */,
			);
			runOnlyForDeploymentPostprocessing = 0;
		};
/* End PBXFrameworksBuildPhase section */

/* Begin PBXGroup section */
		F5E280F319BD7D60006F0CAD = {
			isa = PBXGroup;
			children = (
				F5E2810719BD7D60006F0CAD /* Dodge */,
				F5E2812E19BD7D60006F0CAD /* DodgeTests */,
				F5E280FE19BD7D60006F0CAD /* Frameworks */,
				F5E280FD19BD7D60006F0CAD /* Products */,
			);
			sourceTree = "<group>";
		};
		F5E280FD19BD7D60006F0CAD /* Products */ = {
			isa = PBXGroup;
			children = (
				F5E280FC19BD7D60006F0CAD /* Dodge.app */,
				F5E2812719BD7D60006F0CAD /* DodgeTests.xctest */,
			);
			name = Products;
			sourceTree = "<group>";
		};
		F5E280FE19BD7D60006F0CAD /* Frameworks */ = {
			isa = PBXGroup;
			children = (
				F5E280FF19BD7D60006F0CAD /* Foundation.framework */,
				F5E2810119BD7D60006F0CAD /* CoreGraphics.framework */,
				F5E2810319BD7D60006F0CAD /* UIKit.framework */,
				F5E2810519BD7D60006F0CAD /* SpriteKit.framework */,
				F5E2812819BD7D60006F0CAD /* XCTest.framework */,
			);
			name = Frameworks;
			sourceTree = "<group>";
		};
		F5E2810719BD7D60006F0CAD /* Dodge */ = {
			isa = PBXGroup;
			children = (
				F5E2811019BD7D60006F0CAD /* SpriteAppDelegate.h */,
				F5E2811119BD7D60006F0CAD /* SpriteAppDelegate.m */,
				F5E2811319BD7D60006F0CAD /* Main_iPhone.storyboard */,
				F5E2811619BD7D60006F0CAD /* Main_iPad.storyboard */,
				F5E2811919BD7D60006F0CAD /* SpriteViewController.h */,
				F5E2811A19BD7D60006F0CAD /* SpriteViewController.m */,
				F5E2811C19BD7D60006F0CAD /* SpriteMyScene.h */,
				F5E2811D19BD7D60006F0CAD /* SpriteMyScene.m */,
				F5E2811F19BD7D60006F0CAD /* Spaceship.png */,
				F5E2812119BD7D60006F0CAD /* Images.xcassets */,
				F5E2810819BD7D60006F0CAD /* Supporting Files */,
			);
			path = Dodge;
			sourceTree = "<group>";
		};
		F5E2810819BD7D60006F0CAD /* Supporting Files */ = {
			isa = PBXGroup;
			children = (
				F5E2810919BD7D60006F0CAD /* Dodge-Info.plist */,
				F5E2810A19BD7D60006F0CAD /* InfoPlist.strings */,
				F5E2810D19BD7D60006F0CAD /* main.m */,
				F5E2810F19BD7D60006F0CAD /* Dodge-Prefix.pch */,
			);
			name = "Supporting Files";
			sourceTree = "<group>";
		};
		F5E2812E19BD7D60006F0CAD /* DodgeTests */ = {
			isa = PBXGroup;
			children = (
				F5E2813419BD7D60006F0CAD /* DodgeTests.m */,
				F5E2812F19BD7D60006F0CAD /* Supporting Files */,
			);
			path = DodgeTests;
			sourceTree = "<group>";
		};
		F5E2812F19BD7D60006F0CAD /* Supporting Files */ = {
			isa = PBXGroup;
			children = (
				F5E2813019BD7D60006F0CAD /* DodgeTests-Info.plist */,
				F5E2813119BD7D60006F0CAD /* InfoPlist.strings */,
			);
			name = "Supporting Files";
			sourceTree = "<group>";
		};
/* End PBXGroup section */

/* Begin PBXNativeTarget section */
		F5E280FB19BD7D60006F0CAD /* Dodge */ = {
			isa = PBXNativeTarget;
			buildConfigurationList = F5E2813819BD7D60006F0CAD /* Build configuration list for PBXNativeTarget "Dodge" */;
			buildPhases = (
				F5E280F819BD7D60006F0CAD /* Sources */,
				F5E280F919BD7D60006F0CAD /* Frameworks */,
				F5E280FA19BD7D60006F0CAD /* Resources */,
			);
			buildRules = (
			);
			dependencies = (
			);
			name = Dodge;
			productName = Dodge;
			productReference = F5E280FC19BD7D60006F0CAD /* Dodge.app */;
			productType = "com.apple.product-type.application";
		};
		F5E2812619BD7D60006F0CAD /* DodgeTests */ = {
			isa = PBXNativeTarget;
			buildConfigurationList = F5E2813B19BD7D60006F0CAD /* Build configuration list for PBXNativeTarget "DodgeTests" */;
			buildPhases = (
				F5E2812319BD7D60006F0CAD /* Sources */,
				F5E2812419BD7D60006F0CAD /* Frameworks */,
				F5E2812519BD7D60006F0CAD /* Resources */,
			);
			buildRules = (
			);
			dependencies = (
				F5E2812D19BD7D60006F0CAD /* PBXTargetDependency */,
			);
			name = DodgeTests;
			productName = DodgeTests;
			productReference = F5E2812719BD7D60006F0CAD /* DodgeTests.xctest */;
			productType = "com.apple.product-type.bundle.unit-test";
		};
/* End PBXNativeTarget section */

/* Begin PBXProject section */
		F5E280F419BD7D60006F0CAD /* Project object */ = {
			isa = PBXProject;
			attributes = {
				CLASSPREFIX = Sprite;
				LastUpgradeCheck = 0510;
				ORGANIZATIONNAME = Wafflestudio;
				TargetAttributes = {
					F5E2812619BD7D60006F0CAD = {
						TestTargetID = F5E280FB19BD7D60006F0CAD;
					};
				};
			};
			buildConfigurationList = F5E280F719BD7D60006F0CAD /* Build configuration list for PBXProject "Dodge" */;
			compatibilityVersion = "Xcode 3.2";
			developmentRegion = English;
			hasScannedForEncodings = 0;
			knownRegions = (
				en,
				Base,
			);
			mainGroup = F5E280F319BD7D60006F0CAD;
			productRefGroup = F5E280FD19BD7D60006F0CAD /* Products */;
			projectDirPath = "";
			projectRoot = "";
			targets = (
				F5E280FB19BD7D60006F0CAD /* Dodge */,
				F5E2812619BD7D60006F0CAD /* DodgeTests */,
			);
		};
/* End PBXProject section */

/* Begin PBXResourcesBuildPhase section */
		F5E280FA19BD7D60006F0CAD /* Resources */ = {
			isa = PBXResourcesBuildPhase;
			buildActionMask = 2147483647;
			files = (
				F5E2812019BD7D60006F0CAD /* Spaceship.png in Resources */,
				F5E2812219BD7D60006F0CAD /* Images.xcassets in Resources */,
				F5E2811819BD7D60006F0CAD /* Main_iPad.storyboard in Resources */,
				F5E2811519BD7D60006F0CAD /* Main_iPhone.storyboard in Resources */,
				F5E2810C19BD7D60006F0CAD /* InfoPlist.strings in Resources */,
			);
			runOnlyForDeploymentPostprocessing = 0;
		};
		F5E2812519BD7D60006F0CAD /* Resources */ = {
			isa = PBXResourcesBuildPhase;
			buildActionMask = 2147483647;
			files = (
				F5E2813319BD7D60006F0CAD /* InfoPlist.strings in Resources */,
			);
			runOnlyForDeploymentPostprocessing = 0;
		};
/* End PBXResourcesBuildPhase section */

/* Begin PBXSourcesBuildPhase section */
		F5E280F819BD7D60006F0CAD /* Sources */ = {
			isa = PBXSourcesBuildPhase;
			buildActionMask = 2147483647;
			files = (
				F5E2810E19BD7D60006F0CAD /* main.m in Sources */,
				F5E2811E19BD7D60006F0CAD /* SpriteMyScene.m in Sources */,
				F5E2811219BD7D60006F0CAD /* SpriteAppDelegate.m in Sources */,
				F5E2811B19BD7D60006F0CAD /* SpriteViewController.m in Sources */,
			);
			runOnlyForDeploymentPostprocessing = 0;
		};
		F5E2812319BD7D60006F0CAD /* Sources */ = {
			isa = PBXSourcesBuildPhase;
			buildActionMask = 2147483647;
			files = (
				F5E2813519BD7D60006F0CAD /* DodgeTests.m in Sources */,
			);
			runOnlyForDeploymentPostprocessing = 0;
		};
/* End PBXSourcesBuildPhase section */

/* Begin PBXTargetDependency section */
		F5E2812D19BD7D60006F0CAD /* PBXTargetDependency */ = {
			isa = PBXTargetDependency;
			target = F5E280FB19BD7D60006F0CAD /* Dodge */;
			targetProxy = F5E2812C19BD7D60006F0CAD /* PBXContainerItemProxy */;
		};
/* End PBXTargetDependency section */

/* Begin PBXVariantGroup section */
		F5E2810A19BD7D60006F0CAD /* InfoPlist.strings */ = {
			isa = PBXVariantGroup;
			children = (
				F5E2810B19BD7D60006F0CAD /* en */,
			);
			name = InfoPlist.strings;
			sourceTree = "<group>";
		};
		F5E2811319BD7D60006F0CAD /* Main_iPhone.storyboard */ = {
			isa = PBXVariantGroup;
			children = (
				F5E2811419BD7D60006F0CAD /* Base */,
			);
			name = Main_iPhone.storyboard;
			sourceTree = "<group>";
		};
		F5E2811619BD7D60006F0CAD /* Main_iPad.storyboard */ = {
			isa = PBXVariantGroup;
			children = (
				F5E2811719BD7D60006F0CAD /* Base */,
			);
			name = Main_iPad.storyboard;
			sourceTree = "<group>";
		};
		F5E2813119BD7D60006F0CAD /* InfoPlist.strings */ = {
			isa = PBXVariantGroup;
			children = (
				F5E2813219BD7D60006F0CAD /* en */,
			);
			name = InfoPlist.strings;
			sourceTree = "<group>";
		};
/* End PBXVariantGroup section */

/* Begin XCBuildConfiguration section */
		F5E2813619BD7D60006F0CAD /* Debug */ = {
			isa = XCBuildConfiguration;
			buildSettings = {
				ALWAYS_SEARCH_USER_PATHS = NO;
				CLANG_CXX_LANGUAGE_STANDARD = "gnu++0x";
				CLANG_CXX_LIBRARY = "libc++";
				CLANG_ENABLE_MODULES = YES;
				CLANG_ENABLE_OBJC_ARC = YES;
				CLANG_WARN_BOOL_CONVERSION = YES;
				CLANG_WARN_CONSTANT_CONVERSION = YES;
				CLANG_WARN_DIRECT_OBJC_ISA_USAGE = YES_ERROR;
				CLANG_WARN_EMPTY_BODY = YES;
				CLANG_WARN_ENUM_CONVERSION = YES;
				CLANG_WARN_INT_CONVERSION = YES;
				CLANG_WARN_OBJC_ROOT_CLASS = YES_ERROR;
				CLANG_WARN__DUPLICATE_METHOD_MATCH = YES;
				"CODE_SIGN_IDENTITY[sdk=iphoneos*]" = "iPhone Developer";
				COPY_PHASE_STRIP = NO;
				GCC_C_LANGUAGE_STANDARD = gnu99;
				GCC_DYNAMIC_NO_PIC = NO;
				GCC_OPTIMIZATION_LEVEL = 0;
				GCC_PREPROCESSOR_DEFINITIONS = (
					"DEBUG=1",
					"$(inherited)",
				);
				GCC_SYMBOLS_PRIVATE_EXTERN = NO;
				GCC_WARN_64_TO_32_BIT_CONVERSION = YES;
				GCC_WARN_ABOUT_RETURN_TYPE = YES_ERROR;
				GCC_WARN_UNDECLARED_SELECTOR = YES;
				GCC_WARN_UNINITIALIZED_AUTOS = YES_AGGRESSIVE;
				GCC_WARN_UNUSED_FUNCTION = YES;
				GCC_WARN_UNUSED_VARIABLE = YES;
				IPHONEOS_DEPLOYMENT_TARGET = 7.1;
				ONLY_ACTIVE_ARCH = YES;
				SDKROOT = iphoneos;
				TARGETED_DEVICE_FAMILY = "1,2";
			};
			name = Debug;
		};
		F5E2813719BD7D60006F0CAD /* Release */ = {
			isa = XCBuildConfiguration;
			buildSettings = {
				ALWAYS_SEARCH_USER_PATHS = NO;
				CLANG_CXX_LANGUAGE_STANDARD = "gnu++0x";
				CLANG_CXX_LIBRARY = "libc++";
				CLANG_ENABLE_MODULES = YES;
				CLANG_ENABLE_OBJC_ARC = YES;
				CLANG_WARN_BOOL_CONVERSION = YES;
				CLANG_WARN_CONSTANT_CONVERSION = YES;
				CLANG_WARN_DIRECT_OBJC_ISA_USAGE = YES_ERROR;
				CLANG_WARN_EMPTY_BODY = YES;
				CLANG_WARN_ENUM_CONVERSION = YES;
				CLANG_WARN_INT_CONVERSION = YES;
				CLANG_WARN_OBJC_ROOT_CLASS = YES_ERROR;
				CLANG_WARN__DUPLICATE_METHOD_MATCH = YES;
				"CODE_SIGN_IDENTITY[sdk=iphoneos*]" = "iPhone Developer";
				COPY_PHASE_STRIP = YES;
				ENABLE_NS_ASSERTIONS = NO;
				GCC_C_LANGUAGE_STANDARD = gnu99;
				GCC_WARN_64_TO_32_BIT_CONVERSION = YES;
				GCC_WARN_ABOUT_RETURN_TYPE = YES_ERROR;
				GCC_WARN_UNDECLARED_SELECTOR = YES;
				GCC_WARN_UNINITIALIZED_AUTOS = YES_AGGRESSIVE;
				GCC_WARN_UNUSED_FUNCTION = YES;
				GCC_WARN_UNUSED_VARIABLE = YES;
				IPHONEOS_DEPLOYMENT_TARGET = 7.1;
				SDKROOT = iphoneos;
				TARGETED_DEVICE_FAMILY = "1,2";
				VALIDATE_PRODUCT = YES;
			};
			name = Release;
		};
		F5E2813919BD7D60006F0CAD /* Debug */ = {
			isa = XCBuildConfiguration;
			buildSettings = {
				ASSETCATALOG_COMPILER_APPICON_NAME = AppIcon;
				ASSETCATALOG_COMPILER_LAUNCHIMAGE_NAME = LaunchImage;
				GCC_PRECOMPILE_PREFIX_HEADER = YES;
				GCC_PREFIX_HEADER = "Dodge/Dodge-Prefix.pch";
				INFOPLIST_FILE = "Dodge/Dodge-Info.plist";
				PRODUCT_NAME = "$(TARGET_NAME)";
				SPRITEKIT_TEXTURE_ATLAS_OUTPUT = YES;
				WRAPPER_EXTENSION = app;
			};
			name = Debug;
		};
		F5E2813A19BD7D60006F0CAD /* Release */ = {
			isa = XCBuildConfiguration;
			buildSettings = {
				ASSETCATALOG_COMPILER_APPICON_NAME = AppIcon;
				ASSETCATALOG_COMPILER_LAUNCHIMAGE_NAME = LaunchImage;
				GCC_PRECOMPILE_PREFIX_HEADER = YES;
				GCC_PREFIX_HEADER = "Dodge/Dodge-Prefix.pch";
				INFOPLIST_FILE = "Dodge/Dodge-Info.plist";
				PRODUCT_NAME = "$(TARGET_NAME)";
				SPRITEKIT_TEXTURE_ATLAS_OUTPUT = YES;
				WRAPPER_EXTENSION = app;
			};
			name = Release;
		};
		F5E2813C19BD7D60006F0CAD /* Debug */ = {
			isa = XCBuildConfiguration;
			buildSettings = {
				BUNDLE_LOADER = "$(BUILT_PRODUCTS_DIR)/Dodge.app/Dodge";
				FRAMEWORK_SEARCH_PATHS = (
					"$(SDKROOT)/Developer/Library/Frameworks",
					"$(inherited)",
					"$(DEVELOPER_FRAMEWORKS_DIR)",
				);
				GCC_PRECOMPILE_PREFIX_HEADER = YES;
				GCC_PREFIX_HEADER = "Dodge/Dodge-Prefix.pch";
				GCC_PREPROCESSOR_DEFINITIONS = (
					"DEBUG=1",
					"$(inherited)",
				);
				INFOPLIST_FILE = "DodgeTests/DodgeTests-Info.plist";
				PRODUCT_NAME = "$(TARGET_NAME)";
				TEST_HOST = "$(BUNDLE_LOADER)";
				WRAPPER_EXTENSION = xctest;
			};
			name = Debug;
		};
		F5E2813D19BD7D60006F0CAD /* Release */ = {
			isa = XCBuildConfiguration;
			buildSettings = {
				BUNDLE_LOADER = "$(BUILT_PRODUCTS_DIR)/Dodge.app/Dodge";
				FRAMEWORK_SEARCH_PATHS = (
					"$(SDKROOT)/Developer/Library/Frameworks",
					"$(inherited)",
					"$(DEVELOPER_FRAMEWORKS_DIR)",
				);
				GCC_PRECOMPILE_PREFIX_HEADER = YES;
				GCC_PREFIX_HEADER = "Dodge/Dodge-Prefix.pch";
				INFOPLIST_FILE = "DodgeTests/DodgeTests-Info.plist";
				PRODUCT_NAME = "$(TARGET_NAME)";
				TEST_HOST = "$(BUNDLE_LOADER)";
				WRAPPER_EXTENSION = xctest;
			};
			name = Release;
		};
/* End XCBuildConfiguration section */

/* Begin XCConfigurationList section */
		F5E280F719BD7D60006F0CAD /* Build configuration list for PBXProject "Dodge" */ = {
			isa = XCConfigurationList;
			buildConfigurations = (
				F5E2813619BD7D60006F0CAD /* Debug */,
				F5E2813719BD7D60006F0CAD /* Release */,
			);
			defaultConfigurationIsVisible = 0;
			defaultConfigurationName = Release;
		};
		F5E2813819BD7D60006F0CAD /* Build configuration list for PBXNativeTarget "Dodge" */ = {
			isa = XCConfigurationList;
			buildConfigurations = (
				F5E2813919BD7D60006F0CAD /* Debug */,
				F5E2813A19BD7D60006F0CAD /* Release */,
			);
			defaultConfigurationIsVisible = 0;
		};
		F5E2813B19BD7D60006F0CAD /* Build configuration list for PBXNativeTarget "DodgeTests" */ = {
			isa = XCConfigurationList;
			buildConfigurations = (
				F5E2813C19BD7D60006F0CAD /* Debug */,
				F5E2813D19BD7D60006F0CAD /* Release */,
			);
			defaultConfigurationIsVisible = 0;
		};
/* End XCConfigurationList section */
	};
	rootObject = F5E280F419BD7D60006F0CAD /* Project object */;
}
